// !$*UTF8*$!
{
	archiveVersion = 1;
	classes = {
	};
	objectVersion = 50;
	objects = {

/* Begin PBXBuildFile section */
		551E205722CB6B430027B58C /* Filter.swift in Sources */ = {isa = PBXBuildFile; fileRef = 551E205622CB6B430027B58C /* Filter.swift */; };
		55409B5A22BB70E300D4ED3C /* AppDelegate.swift in Sources */ = {isa = PBXBuildFile; fileRef = 55409B5922BB70E300D4ED3C /* AppDelegate.swift */; };
		55409B5C22BB70E300D4ED3C /* ViewController.swift in Sources */ = {isa = PBXBuildFile; fileRef = 55409B5B22BB70E300D4ED3C /* ViewController.swift */; };
		55409B5F22BB70E300D4ED3C /* Main.storyboard in Resources */ = {isa = PBXBuildFile; fileRef = 55409B5D22BB70E300D4ED3C /* Main.storyboard */; };
		55409B6122BB70E400D4ED3C /* Assets.xcassets in Resources */ = {isa = PBXBuildFile; fileRef = 55409B6022BB70E400D4ED3C /* Assets.xcassets */; };
		55409B6422BB70E400D4ED3C /* LaunchScreen.storyboard in Resources */ = {isa = PBXBuildFile; fileRef = 55409B6222BB70E400D4ED3C /* LaunchScreen.storyboard */; };
		55409B6C22BB768200D4ED3C /* photo1.jpg in Resources */ = {isa = PBXBuildFile; fileRef = 55409B6B22BB768200D4ED3C /* photo1.jpg */; };
		55409B6E22BB89BA00D4ED3C /* photo4.jpg in Resources */ = {isa = PBXBuildFile; fileRef = 55409B6D22BB89BA00D4ED3C /* photo4.jpg */; };
/* End PBXBuildFile section */

/* Begin PBXFileReference section */
		551E205622CB6B430027B58C /* Filter.swift */ = {isa = PBXFileReference; lastKnownFileType = sourcecode.swift; path = Filter.swift; sourceTree = "<group>"; };
		55409B5622BB70E300D4ED3C /* CoreImage-intro.app */ = {isa = PBXFileReference; explicitFileType = wrapper.application; includeInIndex = 0; path = "CoreImage-intro.app"; sourceTree = BUILT_PRODUCTS_DIR; };
		55409B5922BB70E300D4ED3C /* AppDelegate.swift */ = {isa = PBXFileReference; lastKnownFileType = sourcecode.swift; path = AppDelegate.swift; sourceTree = "<group>"; };
		55409B5B22BB70E300D4ED3C /* ViewController.swift */ = {isa = PBXFileReference; lastKnownFileType = sourcecode.swift; path = ViewController.swift; sourceTree = "<group>"; };
		55409B5E22BB70E300D4ED3C /* Base */ = {isa = PBXFileReference; lastKnownFileType = file.storyboard; name = Base; path = Base.lproj/Main.storyboard; sourceTree = "<group>"; };
		55409B6022BB70E400D4ED3C /* Assets.xcassets */ = {isa = PBXFileReference; lastKnownFileType = folder.assetcatalog; path = Assets.xcassets; sourceTree = "<group>"; };
		55409B6322BB70E400D4ED3C /* Base */ = {isa = PBXFileReference; lastKnownFileType = file.storyboard; name = Base; path = Base.lproj/LaunchScreen.storyboard; sourceTree = "<group>"; };
		55409B6522BB70E400D4ED3C /* Info.plist */ = {isa = PBXFileReference; lastKnownFileType = text.plist.xml; path = Info.plist; sourceTree = "<group>"; };
		55409B6B22BB768200D4ED3C /* photo1.jpg */ = {isa = PBXFileReference; lastKnownFileType = image.jpeg; path = photo1.jpg; sourceTree = "<group>"; };
		55409B6D22BB89BA00D4ED3C /* photo4.jpg */ = {isa = PBXFileReference; lastKnownFileType = image.jpeg; path = photo4.jpg; sourceTree = "<group>"; };
/* End PBXFileReference section */

/* Begin PBXFrameworksBuildPhase section */
		55409B5322BB70E300D4ED3C /* Frameworks */ = {
			isa = PBXFrameworksBuildPhase;
			buildActionMask = 2147483647;
			files = (
			);
			runOnlyForDeploymentPostprocessing = 0;
		};
/* End PBXFrameworksBuildPhase section */

/* Begin PBXGroup section */
		55409B4D22BB70E300D4ED3C = {
			isa = PBXGroup;
			children = (
				55409B5822BB70E300D4ED3C /* CoreImageTest */,
				55409B5722BB70E300D4ED3C /* Products */,
			);
			sourceTree = "<group>";
		};
		55409B5722BB70E300D4ED3C /* Products */ = {
			isa = PBXGroup;
			children = (
				55409B5622BB70E300D4ED3C /* CoreImage-intro.app */,
			);
			name = Products;
			sourceTree = "<group>";
		};
		55409B5822BB70E300D4ED3C /* CoreImageTest */ = {
			isa = PBXGroup;
			children = (
				55409B5922BB70E300D4ED3C /* AppDelegate.swift */,
				55409B5B22BB70E300D4ED3C /* ViewController.swift */,
				551E205622CB6B430027B58C /* Filter.swift */,
				55409B5D22BB70E300D4ED3C /* Main.storyboard */,
				55409B6B22BB768200D4ED3C /* photo1.jpg */,
				55409B6D22BB89BA00D4ED3C /* photo4.jpg */,
				55409B6022BB70E400D4ED3C /* Assets.xcassets */,
				55409B6222BB70E400D4ED3C /* LaunchScreen.storyboard */,
				55409B6522BB70E400D4ED3C /* Info.plist */,
			);
			path = CoreImageTest;
			sourceTree = "<group>";
		};
/* End PBXGroup section */

/* Begin PBXNativeTarget section */
		55409B5522BB70E300D4ED3C /* CoreImage-intro */ = {
			isa = PBXNativeTarget;
			buildConfigurationList = 55409B6822BB70E400D4ED3C /* Build configuration list for PBXNativeTarget "CoreImage-intro" */;
			buildPhases = (
				55409B5222BB70E300D4ED3C /* Sources */,
				55409B5322BB70E300D4ED3C /* Frameworks */,
				55409B5422BB70E300D4ED3C /* Resources */,
			);
			buildRules = (
			);
			dependencies = (
			);
			name = "CoreImage-intro";
			productName = CoreImageTest;
			productReference = 55409B5622BB70E300D4ED3C /* CoreImage-intro.app */;
			productType = "com.apple.product-type.application";
		};
/* End PBXNativeTarget section */

/* Begin PBXProject section */
		55409B4E22BB70E300D4ED3C /* Project object */ = {
			isa = PBXProject;
			attributes = {
				LastSwiftUpdateCheck = 1010;
				LastUpgradeCheck = 1010;
				ORGANIZATIONNAME = "池田昂平";
				TargetAttributes = {
					55409B5522BB70E300D4ED3C = {
						CreatedOnToolsVersion = 10.1;
					};
				};
			};
			buildConfigurationList = 55409B5122BB70E300D4ED3C /* Build configuration list for PBXProject "CoreImage-intro" */;
			compatibilityVersion = "Xcode 9.3";
			developmentRegion = en;
			hasScannedForEncodings = 0;
			knownRegions = (
				en,
				Base,
			);
			mainGroup = 55409B4D22BB70E300D4ED3C;
			productRefGroup = 55409B5722BB70E300D4ED3C /* Products */;
			projectDirPath = "";
			projectRoot = "";
			targets = (
				55409B5522BB70E300D4ED3C /* CoreImage-intro */,
			);
		};
/* End PBXProject section */

/* Begin PBXResourcesBuildPhase section */
		55409B5422BB70E300D4ED3C /* Resources */ = {
			isa = PBXResourcesBuildPhase;
			buildActionMask = 2147483647;
			files = (
				55409B6E22BB89BA00D4ED3C /* photo4.jpg in Resources */,
				55409B6C22BB768200D4ED3C /* photo1.jpg in Resources */,
				55409B6422BB70E400D4ED3C /* LaunchScreen.storyboard in Resources */,
				55409B6122BB70E400D4ED3C /* Assets.xcassets in Resources */,
				55409B5F22BB70E300D4ED3C /* Main.storyboard in Resources */,
			);
			runOnlyForDeploymentPostprocessing = 0;
		};
/* End PBXResourcesBuildPhase section */

/* Begin PBXSourcesBuildPhase section */
		55409B5222BB70E300D4ED3C /* Sources */ = {
			isa = PBXSourcesBuildPhase;
			buildActionMask = 2147483647;
			files = (
				55409B5C22BB70E300D4ED3C /* ViewController.swift in Sources */,
				551E205722CB6B430027B58C /* Filter.swift in Sources */,
				55409B5A22BB70E300D4ED3C /* AppDelegate.swift in Sources */,
			);
			runOnlyForDeploymentPostprocessing = 0;
		};
/* End PBXSourcesBuildPhase section */

/* Begin PBXVariantGroup section */
		55409B5D22BB70E300D4ED3C /* Main.storyboard */ = {
			isa = PBXVariantGroup;
			children = (
				55409B5E22BB70E300D4ED3C /* Base */,
			);
			name = Main.storyboard;
			sourceTree = "<group>";
		};
		55409B6222BB70E400D4ED3C /* LaunchScreen.storyboard */ = {
			isa = PBXVariantGroup;
			children = (
				55409B6322BB70E400D4ED3C /* Base */,
			);
			name = LaunchScreen.storyboard;
			sourceTree = "<group>";
		};
/* End PBXVariantGroup section */

/* Begin XCBuildConfiguration section */
		55409B6622BB70E400D4ED3C /* Debug */ = {
			isa = XCBuildConfiguration;
			buildSettings = {
				ALWAYS_SEARCH_USER_PATHS = NO;
				CLANG_ANALYZER_NONNULL = YES;
				CLANG_ANALYZER_NUMBER_OBJECT_CONVERSION = YES_AGGRESSIVE;
				CLANG_CXX_LANGUAGE_STANDARD = "gnu++14";
				CLANG_CXX_LIBRARY = "libc++";
				CLANG_ENABLE_MODULES = YES;
				CLANG_ENABLE_OBJC_ARC = YES;
				CLANG_ENABLE_OBJC_WEAK = YES;
				CLANG_WARN_BLOCK_CAPTURE_AUTORELEASING = YES;
				CLANG_WARN_BOOL_CONVERSION = YES;
				CLANG_WARN_COMMA = YES;
				CLANG_WARN_CONSTANT_CONVERSION = YES;
				CLANG_WARN_DEPRECATED_OBJC_IMPLEMENTATIONS = YES;
				CLANG_WARN_DIRECT_OBJC_ISA_USAGE = YES_ERROR;
				CLANG_WARN_DOCUMENTATION_COMMENTS = YES;
				CLANG_WARN_EMPTY_BODY = YES;
				CLANG_WARN_ENUM_CONVERSION = YES;
				CLANG_WARN_INFINITE_RECURSION = YES;
				CLANG_WARN_INT_CONVERSION = YES;
				CLANG_WARN_NON_LITERAL_NULL_CONVERSION = YES;
				CLANG_WARN_OBJC_IMPLICIT_RETAIN_SELF = YES;
				CLANG_WARN_OBJC_LITERAL_CONVERSION = YES;
				CLANG_WARN_OBJC_ROOT_CLASS = YES_ERROR;
				CLANG_WARN_RANGE_LOOP_ANALYSIS = YES;
				CLANG_WARN_STRICT_PROTOTYPES = YES;
				CLANG_WARN_SUSPICIOUS_MOVE = YES;
				CLANG_WARN_UNGUARDED_AVAILABILITY = YES_AGGRESSIVE;
				CLANG_WARN_UNREACHABLE_CODE = YES;
				CLANG_WARN__DUPLICATE_METHOD_MATCH = YES;
				CODE_SIGN_IDENTITY = "iPhone Developer";
				COPY_PHASE_STRIP = NO;
				DEBUG_INFORMATION_FORMAT = dwarf;
				ENABLE_STRICT_OBJC_MSGSEND = YES;
				ENABLE_TESTABILITY = YES;
				GCC_C_LANGUAGE_STANDARD = gnu11;
				GCC_DYNAMIC_NO_PIC = NO;
				GCC_NO_COMMON_BLOCKS = YES;
				GCC_OPTIMIZATION_LEVEL = 0;
				GCC_PREPROCESSOR_DEFINITIONS = (
					"DEBUG=1",
					"$(inherited)",
				);
				GCC_WARN_64_TO_32_BIT_CONVERSION = YES;
				GCC_WARN_ABOUT_RETURN_TYPE = YES_ERROR;
				GCC_WARN_UNDECLARED_SELECTOR = YES;
				GCC_WARN_UNINITIALIZED_AUTOS = YES_AGGRESSIVE;
				GCC_WARN_UNUSED_FUNCTION = YES;
				GCC_WARN_UNUSED_VARIABLE = YES;
				IPHONEOS_DEPLOYMENT_TARGET = 12.1;
				MTL_ENABLE_DEBUG_INFO = INCLUDE_SOURCE;
				MTL_FAST_MATH = YES;
				ONLY_ACTIVE_ARCH = YES;
				SDKROOT = iphoneos;
				SWIFT_ACTIVE_COMPILATION_CONDITIONS = DEBUG;
				SWIFT_OPTIMIZATION_LEVEL = "-Onone";
			};
			name = Debug;
		};
		55409B6722BB70E400D4ED3C /* Release */ = {
			isa = XCBuildConfiguration;
			buildSettings = {
				ALWAYS_SEARCH_USER_PATHS = NO;
				CLANG_ANALYZER_NONNULL = YES;
				CLANG_ANALYZER_NUMBER_OBJECT_CONVERSION = YES_AGGRESSIVE;
				CLANG_CXX_LANGUAGE_STANDARD = "gnu++14";
				CLANG_CXX_LIBRARY = "libc++";
				CLANG_ENABLE_MODULES = YES;
				CLANG_ENABLE_OBJC_ARC = YES;
				CLANG_ENABLE_OBJC_WEAK = YES;
				CLANG_WARN_BLOCK_CAPTURE_AUTORELEASING = YES;
				CLANG_WARN_BOOL_CONVERSION = YES;
				CLANG_WARN_COMMA = YES;
				CLANG_WARN_CONSTANT_CONVERSION = YES;
				CLANG_WARN_DEPRECATED_OBJC_IMPLEMENTATIONS = YES;
				CLANG_WARN_DIRECT_OBJC_ISA_USAGE = YES_ERROR;
				CLANG_WARN_DOCUMENTATION_COMMENTS = YES;
				CLANG_WARN_EMPTY_BODY = YES;
				CLANG_WARN_ENUM_CONVERSION = YES;
				CLANG_WARN_INFINITE_RECURSION = YES;
				CLANG_WARN_INT_CONVERSION = YES;
				CLANG_WARN_NON_LITERAL_NULL_CONVERSION = YES;
				CLANG_WARN_OBJC_IMPLICIT_RETAIN_SELF = YES;
				CLANG_WARN_OBJC_LITERAL_CONVERSION = YES;
				CLANG_WARN_OBJC_ROOT_CLASS = YES_ERROR;
				CLANG_WARN_RANGE_LOOP_ANALYSIS = YES;
				CLANG_WARN_STRICT_PROTOTYPES = YES;
				CLANG_WARN_SUSPICIOUS_MOVE = YES;
				CLANG_WARN_UNGUARDED_AVAILABILITY = YES_AGGRESSIVE;
				CLANG_WARN_UNREACHABLE_CODE = YES;
				CLANG_WARN__DUPLICATE_METHOD_MATCH = YES;
				CODE_SIGN_IDENTITY = "iPhone Developer";
				COPY_PHASE_STRIP = NO;
				DEBUG_INFORMATION_FORMAT = "dwarf-with-dsym";
				ENABLE_NS_ASSERTIONS = NO;
				ENABLE_STRICT_OBJC_MSGSEND = YES;
				GCC_C_LANGUAGE_STANDARD = gnu11;
				GCC_NO_COMMON_BLOCKS = YES;
				GCC_WARN_64_TO_32_BIT_CONVERSION = YES;
				GCC_WARN_ABOUT_RETURN_TYPE = YES_ERROR;
				GCC_WARN_UNDECLARED_SELECTOR = YES;
				GCC_WARN_UNINITIALIZED_AUTOS = YES_AGGRESSIVE;
				GCC_WARN_UNUSED_FUNCTION = YES;
				GCC_WARN_UNUSED_VARIABLE = YES;
				IPHONEOS_DEPLOYMENT_TARGET = 12.1;
				MTL_ENABLE_DEBUG_INFO = NO;
				MTL_FAST_MATH = YES;
				SDKROOT = iphoneos;
				SWIFT_COMPILATION_MODE = wholemodule;
				SWIFT_OPTIMIZATION_LEVEL = "-O";
				VALIDATE_PRODUCT = YES;
			};
			name = Release;
		};
		55409B6922BB70E400D4ED3C /* Debug */ = {
			isa = XCBuildConfiguration;
			buildSettings = {
				ASSETCATALOG_COMPILER_APPICON_NAME = AppIcon;
				CODE_SIGN_STYLE = Automatic;
				DEVELOPMENT_TEAM = AL4XSQ5LX8;
				INFOPLIST_FILE = CoreImageTest/Info.plist;
				LD_RUNPATH_SEARCH_PATHS = (
					"$(inherited)",
					"@executable_path/Frameworks",
				);
				PRODUCT_BUNDLE_IDENTIFIER = jp.koheiikeda.CoreImageTest;
				PRODUCT_NAME = "$(TARGET_NAME)";
				SWIFT_VERSION = 4.2;
				TARGETED_DEVICE_FAMILY = "1,2";
			};
			name = Debug;
		};
		55409B6A22BB70E400D4ED3C /* Release */ = {
			isa = XCBuildConfiguration;
			buildSettings = {
				ASSETCATALOG_COMPILER_APPICON_NAME = AppIcon;
				CODE_SIGN_STYLE = Automatic;
				DEVELOPMENT_TEAM = AL4XSQ5LX8;
				INFOPLIST_FILE = CoreImageTest/Info.plist;
				LD_RUNPATH_SEARCH_PATHS = (
					"$(inherited)",
					"@executable_path/Frameworks",
				);
				PRODUCT_BUNDLE_IDENTIFIER = jp.koheiikeda.CoreImageTest;
				PRODUCT_NAME = "$(TARGET_NAME)";
				SWIFT_VERSION = 4.2;
				TARGETED_DEVICE_FAMILY = "1,2";
			};
			name = Release;
		};
/* End XCBuildConfiguration section */

/* Begin XCConfigurationList section */
		55409B5122BB70E300D4ED3C /* Build configuration list for PBXProject "CoreImage-intro" */ = {
			isa = XCConfigurationList;
			buildConfigurations = (
				55409B6622BB70E400D4ED3C /* Debug */,
				55409B6722BB70E400D4ED3C /* Release */,
			);
			defaultConfigurationIsVisible = 0;
			defaultConfigurationName = Release;
		};
		55409B6822BB70E400D4ED3C /* Build configuration list for PBXNativeTarget "CoreImage-intro" */ = {
			isa = XCConfigurationList;
			buildConfigurations = (
				55409B6922BB70E400D4ED3C /* Debug */,
				55409B6A22BB70E400D4ED3C /* Release */,
			);
			defaultConfigurationIsVisible = 0;
			defaultConfigurationName = Release;
		};
/* End XCConfigurationList section */
	};
	rootObject = 55409B4E22BB70E300D4ED3C /* Project object */;
}
